
Microsoft Visual Studio Solution File, Format Version 12.00
# Visual Studio Version 17
VisualStudioVersion = 17.4.33103.184
MinimumVisualStudioVersion = 10.0.40219.1
Project("{8BC9CEB8-8B4A-11D0-8D11-00A0C91BC942}") = "NuclearChess", "NuclearChess.vcxproj", "{ED9E3823-81BF-450C-80BA-09419D3085EE}"
EndProject
Global
	GlobalSection(SolutionConfigurationPlatforms) = preSolution
		Debug|x64 = Debug|x64
		Debug|x86 = Debug|x86
		Release|x64 = Release|x64
		Release|x86 = Release|x86
	EndGlobalSection
	GlobalSection(ProjectConfigurationPlatforms) = postSolution
		{ED9E3823-81BF-450C-80BA-09419D3085EE}.Debug|x64.ActiveCfg = Debug|x64
		{ED9E3823-81BF-450C-80BA-09419D3085EE}.Debug|x64.Build.0 = Debug|x64
		{ED9E3823-81BF-450C-80BA-09419D3085EE}.Debug|x86.ActiveCfg = Debug|Win32
		{ED9E3823-81BF-450C-80BA-09419D3085EE}.Debug|x86.Build.0 = Debug|Win32
		{ED9E3823-81BF-450C-80BA-09419D3085EE}.Release|x64.ActiveCfg = Release|x64
		{ED9E3823-81BF-450C-80BA-09419D3085EE}.Release|x64.Build.0 = Release|x64
		{ED9E3823-81BF-450C-80BA-09419D3085EE}.Release|x86.ActiveCfg = Release|Win32
		{ED9E3823-81BF-450C-80BA-09419D3085EE}.Release|x86.Build.0 = Release|Win32
	EndGlobalSection
	GlobalSection(SolutionProperties) = preSolution
		HideSolutionNode = FALSE
	EndGlobalSection
	GlobalSection(ExtensibilityGlobals) = postSolution
		SolutionGuid = {940200D9-0129-4CC9-9ABA-FB11EA08A0B7}
	EndGlobalSection
EndGlobal
